// !$*UTF8*$!
{
	archiveVersion = 1;
	classes = {
	};
	objectVersion = 56;
	objects = {

/* Begin PBXBuildFile section */
		3D3C3CB42D37A6A4000364CE /* AppDelegate.swift in Sources */ = {isa = PBXBuildFile; fileRef = 3D3C3CB32D37A6A4000364CE /* AppDelegate.swift */; };
		3D3C3CB62D37A6A4000364CE /* SceneDelegate.swift in Sources */ = {isa = PBXBuildFile; fileRef = 3D3C3CB52D37A6A4000364CE /* SceneDelegate.swift */; };
		3D3C3CB82D37A6A4000364CE /* ViewController.swift in Sources */ = {isa = PBXBuildFile; fileRef = 3D3C3CB72D37A6A4000364CE /* ViewController.swift */; };
		3D3C3CBB2D37A6A4000364CE /* Base in Resources */ = {isa = PBXBuildFile; fileRef = 3D3C3CBA2D37A6A4000364CE /* Base */; };
		3D3C3CC02D37A6A7000364CE /* Assets.xcassets in Resources */ = {isa = PBXBuildFile; fileRef = 3D3C3CBF2D37A6A7000364CE /* Assets.xcassets */; };
		3D3C3CC32D37A6A7000364CE /* Base in Resources */ = {isa = PBXBuildFile; fileRef = 3D3C3CC22D37A6A7000364CE /* Base */; };
		3D3C3CD12D37AA6D000364CE /* Product.swift in Sources */ = {isa = PBXBuildFile; fileRef = 3D3C3CD02D37AA6D000364CE /* Product.swift */; };
		3D3C3CD32D37AB03000364CE /* CustomTableViewCell.swift in Sources */ = {isa = PBXBuildFile; fileRef = 3D3C3CD22D37AB03000364CE /* CustomTableViewCell.swift */; };
		3D3C3CD52D37AD6F000364CE /* Extensions.swift in Sources */ = {isa = PBXBuildFile; fileRef = 3D3C3CD42D37AD6F000364CE /* Extensions.swift */; };
		3D3C3CED2D381A33000364CE /* DescriptionViewController.swift in Sources */ = {isa = PBXBuildFile; fileRef = 3D3C3CEC2D381A33000364CE /* DescriptionViewController.swift */; };
		3D3C3CEF2D383255000364CE /* Helpers.swift in Sources */ = {isa = PBXBuildFile; fileRef = 3D3C3CEE2D383255000364CE /* Helpers.swift */; };
/* End PBXBuildFile section */

/* Begin PBXFileReference section */
		3D3C3CB02D37A6A4000364CE /* AToBeChallenge.app */ = {isa = PBXFileReference; explicitFileType = wrapper.application; includeInIndex = 0; path = AToBeChallenge.app; sourceTree = BUILT_PRODUCTS_DIR; };
		3D3C3CB32D37A6A4000364CE /* AppDelegate.swift */ = {isa = PBXFileReference; lastKnownFileType = sourcecode.swift; path = AppDelegate.swift; sourceTree = "<group>"; };
		3D3C3CB52D37A6A4000364CE /* SceneDelegate.swift */ = {isa = PBXFileReference; lastKnownFileType = sourcecode.swift; path = SceneDelegate.swift; sourceTree = "<group>"; };
		3D3C3CB72D37A6A4000364CE /* ViewController.swift */ = {isa = PBXFileReference; lastKnownFileType = sourcecode.swift; path = ViewController.swift; sourceTree = "<group>"; };
		3D3C3CBA2D37A6A4000364CE /* Base */ = {isa = PBXFileReference; lastKnownFileType = file.storyboard; name = Base; path = Base.lproj/Main.storyboard; sourceTree = "<group>"; };
		3D3C3CBF2D37A6A7000364CE /* Assets.xcassets */ = {isa = PBXFileReference; lastKnownFileType = folder.assetcatalog; path = Assets.xcassets; sourceTree = "<group>"; };
		3D3C3CC22D37A6A7000364CE /* Base */ = {isa = PBXFileReference; lastKnownFileType = file.storyboard; name = Base; path = Base.lproj/LaunchScreen.storyboard; sourceTree = "<group>"; };
		3D3C3CC42D37A6A7000364CE /* Info.plist */ = {isa = PBXFileReference; lastKnownFileType = text.plist.xml; path = Info.plist; sourceTree = "<group>"; };
		3D3C3CD02D37AA6D000364CE /* Product.swift */ = {isa = PBXFileReference; lastKnownFileType = sourcecode.swift; path = Product.swift; sourceTree = "<group>"; };
		3D3C3CD22D37AB03000364CE /* CustomTableViewCell.swift */ = {isa = PBXFileReference; lastKnownFileType = sourcecode.swift; path = CustomTableViewCell.swift; sourceTree = "<group>"; };
		3D3C3CD42D37AD6F000364CE /* Extensions.swift */ = {isa = PBXFileReference; lastKnownFileType = sourcecode.swift; path = Extensions.swift; sourceTree = "<group>"; };
		3D3C3CEC2D381A33000364CE /* DescriptionViewController.swift */ = {isa = PBXFileReference; lastKnownFileType = sourcecode.swift; path = DescriptionViewController.swift; sourceTree = "<group>"; };
		3D3C3CEE2D383255000364CE /* Helpers.swift */ = {isa = PBXFileReference; lastKnownFileType = sourcecode.swift; path = Helpers.swift; sourceTree = "<group>"; };
/* End PBXFileReference section */

/* Begin PBXFrameworksBuildPhase section */
		3D3C3CAD2D37A6A4000364CE /* Frameworks */ = {
			isa = PBXFrameworksBuildPhase;
			buildActionMask = 2147483647;
			files = (
			);
			runOnlyForDeploymentPostprocessing = 0;
		};
/* End PBXFrameworksBuildPhase section */

/* Begin PBXGroup section */
		3D3C3CA72D37A6A4000364CE = {
			isa = PBXGroup;
			children = (
				3D3C3CB22D37A6A4000364CE /* AToBeChallenge */,
				3D3C3CB12D37A6A4000364CE /* Products */,
			);
			sourceTree = "<group>";
		};
		3D3C3CB12D37A6A4000364CE /* Products */ = {
			isa = PBXGroup;
			children = (
				3D3C3CB02D37A6A4000364CE /* AToBeChallenge.app */,
			);
			name = Products;
			sourceTree = "<group>";
		};
		3D3C3CB22D37A6A4000364CE /* AToBeChallenge */ = {
			isa = PBXGroup;
			children = (
				3D3C3CCD2D37A78D000364CE /* Communs */,
				3D3C3CCC2D37A740000364CE /* View */,
				3D3C3CCB2D37A739000364CE /* Model */,
				3D3C3CCA2D37A726000364CE /* Controller */,
				3D3C3CB32D37A6A4000364CE /* AppDelegate.swift */,
				3D3C3CB52D37A6A4000364CE /* SceneDelegate.swift */,
				3D3C3CB92D37A6A4000364CE /* Main.storyboard */,
				3D3C3CBF2D37A6A7000364CE /* Assets.xcassets */,
				3D3C3CC12D37A6A7000364CE /* LaunchScreen.storyboard */,
				3D3C3CC42D37A6A7000364CE /* Info.plist */,
			);
			path = AToBeChallenge;
			sourceTree = "<group>";
		};
		3D3C3CCA2D37A726000364CE /* Controller */ = {
			isa = PBXGroup;
			children = (
				3D3C3CB72D37A6A4000364CE /* ViewController.swift */,
				3D3C3CEC2D381A33000364CE /* DescriptionViewController.swift */,
			);
			path = Controller;
			sourceTree = "<group>";
		};
		3D3C3CCB2D37A739000364CE /* Model */ = {
			isa = PBXGroup;
			children = (
				3D3C3CD02D37AA6D000364CE /* Product.swift */,
			);
			path = Model;
			sourceTree = "<group>";
		};
		3D3C3CCC2D37A740000364CE /* View */ = {
			isa = PBXGroup;
			children = (
				3D3C3CD22D37AB03000364CE /* CustomTableViewCell.swift */,
			);
			path = View;
			sourceTree = "<group>";
		};
		3D3C3CCD2D37A78D000364CE /* Communs */ = {
			isa = PBXGroup;
			children = (
				3D3C3CD42D37AD6F000364CE /* Extensions.swift */,
				3D3C3CEE2D383255000364CE /* Helpers.swift */,
			);
			path = Communs;
			sourceTree = "<group>";
		};
/* End PBXGroup section */

/* Begin PBXNativeTarget section */
		3D3C3CAF2D37A6A4000364CE /* AToBeChallenge */ = {
			isa = PBXNativeTarget;
			buildConfigurationList = 3D3C3CC72D37A6A7000364CE /* Build configuration list for PBXNativeTarget "AToBeChallenge" */;
			buildPhases = (
				3D3C3CAC2D37A6A4000364CE /* Sources */,
				3D3C3CAD2D37A6A4000364CE /* Frameworks */,
				3D3C3CAE2D37A6A4000364CE /* Resources */,
			);
			buildRules = (
			);
			dependencies = (
			);
			name = AToBeChallenge;
			productName = AToBeChallenge;
			productReference = 3D3C3CB02D37A6A4000364CE /* AToBeChallenge.app */;
			productType = "com.apple.product-type.application";
		};
/* End PBXNativeTarget section */

/* Begin PBXProject section */
		3D3C3CA82D37A6A4000364CE /* Project object */ = {
			isa = PBXProject;
			attributes = {
				BuildIndependentTargetsInParallel = 1;
				LastSwiftUpdateCheck = 1540;
				LastUpgradeCheck = 1540;
				TargetAttributes = {
					3D3C3CAF2D37A6A4000364CE = {
						CreatedOnToolsVersion = 15.4;
					};
				};
			};
			buildConfigurationList = 3D3C3CAB2D37A6A4000364CE /* Build configuration list for PBXProject "AToBeChallenge" */;
			compatibilityVersion = "Xcode 14.0";
			developmentRegion = en;
			hasScannedForEncodings = 0;
			knownRegions = (
				en,
				Base,
			);
			mainGroup = 3D3C3CA72D37A6A4000364CE;
			productRefGroup = 3D3C3CB12D37A6A4000364CE /* Products */;
			projectDirPath = "";
			projectRoot = "";
			targets = (
				3D3C3CAF2D37A6A4000364CE /* AToBeChallenge */,
			);
		};
/* End PBXProject section */

/* Begin PBXResourcesBuildPhase section */
		3D3C3CAE2D37A6A4000364CE /* Resources */ = {
			isa = PBXResourcesBuildPhase;
			buildActionMask = 2147483647;
			files = (
				3D3C3CC02D37A6A7000364CE /* Assets.xcassets in Resources */,
				3D3C3CC32D37A6A7000364CE /* Base in Resources */,
				3D3C3CBB2D37A6A4000364CE /* Base in Resources */,
			);
			runOnlyForDeploymentPostprocessing = 0;
		};
/* End PBXResourcesBuildPhase section */

/* Begin PBXSourcesBuildPhase section */
		3D3C3CAC2D37A6A4000364CE /* Sources */ = {
			isa = PBXSourcesBuildPhase;
			buildActionMask = 2147483647;
			files = (
				3D3C3CB82D37A6A4000364CE /* ViewController.swift in Sources */,
				3D3C3CED2D381A33000364CE /* DescriptionViewController.swift in Sources */,
				3D3C3CD32D37AB03000364CE /* CustomTableViewCell.swift in Sources */,
				3D3C3CEF2D383255000364CE /* Helpers.swift in Sources */,
				3D3C3CB42D37A6A4000364CE /* AppDelegate.swift in Sources */,
				3D3C3CB62D37A6A4000364CE /* SceneDelegate.swift in Sources */,
				3D3C3CD12D37AA6D000364CE /* Product.swift in Sources */,
				3D3C3CD52D37AD6F000364CE /* Extensions.swift in Sources */,
			);
			runOnlyForDeploymentPostprocessing = 0;
		};
/* End PBXSourcesBuildPhase section */

/* Begin PBXVariantGroup section */
		3D3C3CB92D37A6A4000364CE /* Main.storyboard */ = {
			isa = PBXVariantGroup;
			children = (
				3D3C3CBA2D37A6A4000364CE /* Base */,
			);
			name = Main.storyboard;
			sourceTree = "<group>";
		};
		3D3C3CC12D37A6A7000364CE /* LaunchScreen.storyboard */ = {
			isa = PBXVariantGroup;
			children = (
				3D3C3CC22D37A6A7000364CE /* Base */,
			);
			name = LaunchScreen.storyboard;
			sourceTree = "<group>";
		};
/* End PBXVariantGroup section */

/* Begin XCBuildConfiguration section */
		3D3C3CC52D37A6A7000364CE /* Debug */ = {
			isa = XCBuildConfiguration;
			buildSettings = {
				ALWAYS_SEARCH_USER_PATHS = NO;
				ASSETCATALOG_COMPILER_GENERATE_SWIFT_ASSET_SYMBOL_EXTENSIONS = YES;
				CLANG_ANALYZER_NONNULL = YES;
				CLANG_ANALYZER_NUMBER_OBJECT_CONVERSION = YES_AGGRESSIVE;
				CLANG_CXX_LANGUAGE_STANDARD = "gnu++20";
				CLANG_ENABLE_MODULES = YES;
				CLANG_ENABLE_OBJC_ARC = YES;
				CLANG_ENABLE_OBJC_WEAK = YES;
				CLANG_WARN_BLOCK_CAPTURE_AUTORELEASING = YES;
				CLANG_WARN_BOOL_CONVERSION = YES;
				CLANG_WARN_COMMA = YES;
				CLANG_WARN_CONSTANT_CONVERSION = YES;
				CLANG_WARN_DEPRECATED_OBJC_IMPLEMENTATIONS = YES;
				CLANG_WARN_DIRECT_OBJC_ISA_USAGE = YES_ERROR;
				CLANG_WARN_DOCUMENTATION_COMMENTS = YES;
				CLANG_WARN_EMPTY_BODY = YES;
				CLANG_WARN_ENUM_CONVERSION = YES;
				CLANG_WARN_INFINITE_RECURSION = YES;
				CLANG_WARN_INT_CONVERSION = YES;
				CLANG_WARN_NON_LITERAL_NULL_CONVERSION = YES;
				CLANG_WARN_OBJC_IMPLICIT_RETAIN_SELF = YES;
				CLANG_WARN_OBJC_LITERAL_CONVERSION = YES;
				CLANG_WARN_OBJC_ROOT_CLASS = YES_ERROR;
				CLANG_WARN_QUOTED_INCLUDE_IN_FRAMEWORK_HEADER = YES;
				CLANG_WARN_RANGE_LOOP_ANALYSIS = YES;
				CLANG_WARN_STRICT_PROTOTYPES = YES;
				CLANG_WARN_SUSPICIOUS_MOVE = YES;
				CLANG_WARN_UNGUARDED_AVAILABILITY = YES_AGGRESSIVE;
				CLANG_WARN_UNREACHABLE_CODE = YES;
				CLANG_WARN__DUPLICATE_METHOD_MATCH = YES;
				COPY_PHASE_STRIP = NO;
				DEBUG_INFORMATION_FORMAT = dwarf;
				ENABLE_STRICT_OBJC_MSGSEND = YES;
				ENABLE_TESTABILITY = YES;
				ENABLE_USER_SCRIPT_SANDBOXING = YES;
				GCC_C_LANGUAGE_STANDARD = gnu17;
				GCC_DYNAMIC_NO_PIC = NO;
				GCC_NO_COMMON_BLOCKS = YES;
				GCC_OPTIMIZATION_LEVEL = 0;
				GCC_PREPROCESSOR_DEFINITIONS = (
					"DEBUG=1",
					"$(inherited)",
				);
				GCC_WARN_64_TO_32_BIT_CONVERSION = YES;
				GCC_WARN_ABOUT_RETURN_TYPE = YES_ERROR;
				GCC_WARN_UNDECLARED_SELECTOR = YES;
				GCC_WARN_UNINITIALIZED_AUTOS = YES_AGGRESSIVE;
				GCC_WARN_UNUSED_FUNCTION = YES;
				GCC_WARN_UNUSED_VARIABLE = YES;
				IPHONEOS_DEPLOYMENT_TARGET = 17.5;
				LOCALIZATION_PREFERS_STRING_CATALOGS = YES;
				MTL_ENABLE_DEBUG_INFO = INCLUDE_SOURCE;
				MTL_FAST_MATH = YES;
				ONLY_ACTIVE_ARCH = YES;
				SDKROOT = iphoneos;
				SWIFT_ACTIVE_COMPILATION_CONDITIONS = "DEBUG $(inherited)";
				SWIFT_OPTIMIZATION_LEVEL = "-Onone";
			};
			name = Debug;
		};
		3D3C3CC62D37A6A7000364CE /* Release */ = {
			isa = XCBuildConfiguration;
			buildSettings = {
				ALWAYS_SEARCH_USER_PATHS = NO;
				ASSETCATALOG_COMPILER_GENERATE_SWIFT_ASSET_SYMBOL_EXTENSIONS = YES;
				CLANG_ANALYZER_NONNULL = YES;
				CLANG_ANALYZER_NUMBER_OBJECT_CONVERSION = YES_AGGRESSIVE;
				CLANG_CXX_LANGUAGE_STANDARD = "gnu++20";
				CLANG_ENABLE_MODULES = YES;
				CLANG_ENABLE_OBJC_ARC = YES;
				CLANG_ENABLE_OBJC_WEAK = YES;
				CLANG_WARN_BLOCK_CAPTURE_AUTORELEASING = YES;
				CLANG_WARN_BOOL_CONVERSION = YES;
				CLANG_WARN_COMMA = YES;
				CLANG_WARN_CONSTANT_CONVERSION = YES;
				CLANG_WARN_DEPRECATED_OBJC_IMPLEMENTATIONS = YES;
				CLANG_WARN_DIRECT_OBJC_ISA_USAGE = YES_ERROR;
				CLANG_WARN_DOCUMENTATION_COMMENTS = YES;
				CLANG_WARN_EMPTY_BODY = YES;
				CLANG_WARN_ENUM_CONVERSION = YES;
				CLANG_WARN_INFINITE_RECURSION = YES;
				CLANG_WARN_INT_CONVERSION = YES;
				CLANG_WARN_NON_LITERAL_NULL_CONVERSION = YES;
				CLANG_WARN_OBJC_IMPLICIT_RETAIN_SELF = YES;
				CLANG_WARN_OBJC_LITERAL_CONVERSION = YES;
				CLANG_WARN_OBJC_ROOT_CLASS = YES_ERROR;
				CLANG_WARN_QUOTED_INCLUDE_IN_FRAMEWORK_HEADER = YES;
				CLANG_WARN_RANGE_LOOP_ANALYSIS = YES;
				CLANG_WARN_STRICT_PROTOTYPES = YES;
				CLANG_WARN_SUSPICIOUS_MOVE = YES;
				CLANG_WARN_UNGUARDED_AVAILABILITY = YES_AGGRESSIVE;
				CLANG_WARN_UNREACHABLE_CODE = YES;
				CLANG_WARN__DUPLICATE_METHOD_MATCH = YES;
				COPY_PHASE_STRIP = NO;
				DEBUG_INFORMATION_FORMAT = "dwarf-with-dsym";
				ENABLE_NS_ASSERTIONS = NO;
				ENABLE_STRICT_OBJC_MSGSEND = YES;
				ENABLE_USER_SCRIPT_SANDBOXING = YES;
				GCC_C_LANGUAGE_STANDARD = gnu17;
				GCC_NO_COMMON_BLOCKS = YES;
				GCC_WARN_64_TO_32_BIT_CONVERSION = YES;
				GCC_WARN_ABOUT_RETURN_TYPE = YES_ERROR;
				GCC_WARN_UNDECLARED_SELECTOR = YES;
				GCC_WARN_UNINITIALIZED_AUTOS = YES_AGGRESSIVE;
				GCC_WARN_UNUSED_FUNCTION = YES;
				GCC_WARN_UNUSED_VARIABLE = YES;
				IPHONEOS_DEPLOYMENT_TARGET = 17.5;
				LOCALIZATION_PREFERS_STRING_CATALOGS = YES;
				MTL_ENABLE_DEBUG_INFO = NO;
				MTL_FAST_MATH = YES;
				SDKROOT = iphoneos;
				SWIFT_COMPILATION_MODE = wholemodule;
				VALIDATE_PRODUCT = YES;
			};
			name = Release;
		};
		3D3C3CC82D37A6A7000364CE /* Debug */ = {
			isa = XCBuildConfiguration;
			buildSettings = {
				ASSETCATALOG_COMPILER_APPICON_NAME = AppIcon;
				ASSETCATALOG_COMPILER_GLOBAL_ACCENT_COLOR_NAME = AccentColor;
				CODE_SIGN_STYLE = Automatic;
				CURRENT_PROJECT_VERSION = 1;
				DEVELOPMENT_TEAM = QNYT9YBQ5F;
				GENERATE_INFOPLIST_FILE = YES;
				INFOPLIST_FILE = AToBeChallenge/Info.plist;
				INFOPLIST_KEY_UIApplicationSupportsIndirectInputEvents = YES;
				INFOPLIST_KEY_UILaunchStoryboardName = LaunchScreen;
				INFOPLIST_KEY_UIMainStoryboardFile = Main;
				INFOPLIST_KEY_UISupportedInterfaceOrientations_iPad = "UIInterfaceOrientationPortrait UIInterfaceOrientationPortraitUpsideDown UIInterfaceOrientationLandscapeLeft UIInterfaceOrientationLandscapeRight";
				INFOPLIST_KEY_UISupportedInterfaceOrientations_iPhone = "UIInterfaceOrientationPortrait UIInterfaceOrientationLandscapeLeft UIInterfaceOrientationLandscapeRight";
				LD_RUNPATH_SEARCH_PATHS = (
					"$(inherited)",
					"@executable_path/Frameworks",
				);
				MARKETING_VERSION = 1.0;
				PRODUCT_BUNDLE_IDENTIFIER = com.makingitwise..AToBeChallenge;
				PRODUCT_NAME = "$(TARGET_NAME)";
				SWIFT_EMIT_LOC_STRINGS = YES;
				SWIFT_VERSION = 5.0;
				TARGETED_DEVICE_FAMILY = "1,2";
			};
			name = Debug;
		};
		3D3C3CC92D37A6A7000364CE /* Release */ = {
			isa = XCBuildConfiguration;
			buildSettings = {
				ASSETCATALOG_COMPILER_APPICON_NAME = AppIcon;
				ASSETCATALOG_COMPILER_GLOBAL_ACCENT_COLOR_NAME = AccentColor;
				CODE_SIGN_STYLE = Automatic;
				CURRENT_PROJECT_VERSION = 1;
				DEVELOPMENT_TEAM = QNYT9YBQ5F;
				GENERATE_INFOPLIST_FILE = YES;
				INFOPLIST_FILE = AToBeChallenge/Info.plist;
				INFOPLIST_KEY_UIApplicationSupportsIndirectInputEvents = YES;
				INFOPLIST_KEY_UILaunchStoryboardName = LaunchScreen;
				INFOPLIST_KEY_UIMainStoryboardFile = Main;
				INFOPLIST_KEY_UISupportedInterfaceOrientations_iPad = "UIInterfaceOrientationPortrait UIInterfaceOrientationPortraitUpsideDown UIInterfaceOrientationLandscapeLeft UIInterfaceOrientationLandscapeRight";
				INFOPLIST_KEY_UISupportedInterfaceOrientations_iPhone = "UIInterfaceOrientationPortrait UIInterfaceOrientationLandscapeLeft UIInterfaceOrientationLandscapeRight";
				LD_RUNPATH_SEARCH_PATHS = (
					"$(inherited)",
					"@executable_path/Frameworks",
				);
				MARKETING_VERSION = 1.0;
				PRODUCT_BUNDLE_IDENTIFIER = com.makingitwise..AToBeChallenge;
				PRODUCT_NAME = "$(TARGET_NAME)";
				SWIFT_EMIT_LOC_STRINGS = YES;
				SWIFT_VERSION = 5.0;
				TARGETED_DEVICE_FAMILY = "1,2";
			};
			name = Release;
		};
/* End XCBuildConfiguration section */

/* Begin XCConfigurationList section */
		3D3C3CAB2D37A6A4000364CE /* Build configuration list for PBXProject "AToBeChallenge" */ = {
			isa = XCConfigurationList;
			buildConfigurations = (
				3D3C3CC52D37A6A7000364CE /* Debug */,
				3D3C3CC62D37A6A7000364CE /* Release */,
			);
			defaultConfigurationIsVisible = 0;
			defaultConfigurationName = Release;
		};
		3D3C3CC72D37A6A7000364CE /* Build configuration list for PBXNativeTarget "AToBeChallenge" */ = {
			isa = XCConfigurationList;
			buildConfigurations = (
				3D3C3CC82D37A6A7000364CE /* Debug */,
				3D3C3CC92D37A6A7000364CE /* Release */,
			);
			defaultConfigurationIsVisible = 0;
			defaultConfigurationName = Release;
		};
/* End XCConfigurationList section */
	};
	rootObject = 3D3C3CA82D37A6A4000364CE /* Project object */;
}
